
Microsoft Visual Studio Solution File, Format Version 12.00
# Visual Studio Version 16
VisualStudioVersion = 16.0.31729.503
MinimumVisualStudioVersion = 10.0.40219.1
Project("{FAE04EC0-301F-11D3-BF4B-00C04F79EFBC}") = "App", "App\App.csproj", "{823C0550-EF52-4A54-9B68-99FF0AF6456A}"
EndProject
Project("{FAE04EC0-301F-11D3-BF4B-00C04F79EFBC}") = "Variables", "Variables\Variables.csproj", "{C86B95B6-9089-44B2-A1D7-A156E65661B6}"
EndProject
Global
	GlobalSection(SolutionConfigurationPlatforms) = preSolution
		Debug|Any CPU = Debug|Any CPU
		Release|Any CPU = Release|Any CPU
	EndGlobalSection
	GlobalSection(ProjectConfigurationPlatforms) = postSolution
		{823C0550-EF52-4A54-9B68-99FF0AF6456A}.Debug|Any CPU.ActiveCfg = Debug|Any CPU
		{823C0550-EF52-4A54-9B68-99FF0AF6456A}.Debug|Any CPU.Build.0 = Debug|Any CPU
		{823C0550-EF52-4A54-9B68-99FF0AF6456A}.Release|Any CPU.ActiveCfg = Release|Any CPU
		{823C0550-EF52-4A54-9B68-99FF0AF6456A}.Release|Any CPU.Build.0 = Release|Any CPU
		{C86B95B6-9089-44B2-A1D7-A156E65661B6}.Debug|Any CPU.ActiveCfg = Debug|Any CPU
		{C86B95B6-9089-44B2-A1D7-A156E65661B6}.Debug|Any CPU.Build.0 = Debug|Any CPU
		{C86B95B6-9089-44B2-A1D7-A156E65661B6}.Release|Any CPU.ActiveCfg = Release|Any CPU
		{C86B95B6-9089-44B2-A1D7-A156E65661B6}.Release|Any CPU.Build.0 = Release|Any CPU
	EndGlobalSection
	GlobalSection(SolutionProperties) = preSolution
		HideSolutionNode = FALSE
	EndGlobalSection
	GlobalSection(ExtensibilityGlobals) = postSolution
		SolutionGuid = {C79F64A6-46D1-4D97-960E-94D7FA53677E}
	EndGlobalSection
EndGlobal
